GIT
  remote: https://github.com/ecosyste-ms/bibliothecary.git
  revision: fea303a1edde8db1fb7a22f9d472f5ab14a140e0
  branch: main
  specs:
    ecosystems-bibliothecary (15.4.0)
      bundler
      csv
      json (~> 2.8)
      ox (>= 2.8.1)
      racc
      tomlrb (~> 2.0)

GEM
  remote: https://rubygems.org/
  specs:
    actionpack (8.1.2)
      actionview (= 8.1.2)
      activesupport (= 8.1.2)
      nokogiri (>= 1.8.5)
      rack (>= 2.2.4)
      rack-session (>= 1.0.1)
      rack-test (>= 0.6.3)
      rails-dom-testing (~> 2.2)
      rails-html-sanitizer (~> 1.6)
      useragent (~> 0.16)
    actionview (8.1.2)
      activesupport (= 8.1.2)
      builder (~> 3.1)
      erubi (~> 1.11)
      rails-dom-testing (~> 2.2)
      rails-html-sanitizer (~> 1.6)
    activemodel (8.1.2)
      activesupport (= 8.1.2)
    activerecord (8.1.2)
      activemodel (= 8.1.2)
      activesupport (= 8.1.2)
      timeout (>= 0.4.0)
    activesupport (8.1.2)
      base64
      bigdecimal
      concurrent-ruby (~> 1.0, >= 1.3.1)
      connection_pool (>= 2.2.5)
      drb
      i18n (>= 1.6, < 2)
      json
      logger (>= 1.4.2)
      minitest (>= 5.1)
      securerandom (>= 0.3)
      tzinfo (~> 2.0, >= 2.0.5)
      uri (>= 0.13.1)
    addressable (2.8.8)
      public_suffix (>= 2.0.2, < 8.0)
    appsignal (4.8.3)
      logger
      rack (>= 2.0.0)
    base64 (0.3.0)
    bigdecimal (4.0.1)
    bindex (0.8.1)
    bootsnap (1.23.0)
      msgpack (~> 1.2)
    bootstrap (5.3.8)
      popper_js (>= 2.11.8, < 3)
    bootstrap-icons (1.0.15)
      nokogiri (~> 1)
    brotli (0.7.0)
    builder (3.3.0)
    cgi (0.5.1)
    chartkick (5.2.1)
    citrus (3.0.2)
    concurrent-ruby (1.3.6)
    connection_pool (3.0.2)
    counter_culture (3.12.1)
      activerecord (>= 4.2)
      activesupport (>= 4.2)
    crack (1.0.1)
      bigdecimal
      rexml
    crass (1.0.6)
    csv (3.3.5)
    dalli (5.0.0)
      logger
    date (3.5.1)
    dotenv (3.2.0)
    dotenv-rails (3.2.0)
      dotenv (= 3.2.0)
      railties (>= 6.1)
    drb (2.2.3)
    erb (6.0.1)
    erubi (1.13.1)
    ethon (0.15.0)
      ffi (>= 1.15.0)
    faraday (2.14.1)
      faraday-net_http (>= 2.0, < 3.5)
      json
      logger
    faraday-follow_redirects (0.5.0)
      faraday (>= 1, < 3)
    faraday-net_http (3.4.2)
      net-http (~> 0.5)
    faraday-retry (2.4.0)
      faraday (~> 2.0)
    faraday-typhoeus (1.1.0)
      faraday (~> 2.0)
      typhoeus (~> 1.4)
    ffi (1.17.3)
    ffi (1.17.3-aarch64-linux-musl)
    ffi (1.17.3-arm-linux-gnu)
    ffi (1.17.3-arm-linux-musl)
    ffi (1.17.3-arm64-darwin)
    ffi (1.17.3-x86_64-linux-gnu)
    fuzzy_match (2.1.0)
    groupdate (6.7.0)
      activesupport (>= 7.1)
    hashdiff (1.2.1)
    i18n (1.14.8)
      concurrent-ruby (~> 1.0)
    io-console (0.8.2)
    irb (1.17.0)
      pp (>= 0.6.0)
      prism (>= 1.3.0)
      rdoc (>= 4.0.0)
      reline (>= 0.4.2)
    jbuilder (2.14.1)
      actionview (>= 7.0.0)
      activesupport (>= 7.0.0)
    jquery-rails (4.6.1)
      rails-dom-testing (>= 1, < 3)
      railties (>= 4.2.0)
      thor (>= 0.14, < 2.0)
    json (2.18.1)
    logger (1.7.0)
    lograge (0.14.0)
      actionpack (>= 4)
      activesupport (>= 4)
      railties (>= 4)
      request_store (~> 1.0)
    loofah (2.25.0)
      crass (~> 1.0.2)
      nokogiri (>= 1.12.0)
    matrix (0.4.3)
    mini_portile2 (2.8.9)
    minitest (6.0.1)
      prism (~> 1.5)
    mocha (3.0.2)
      ruby2_keywords (>= 0.0.5)
    msgpack (1.8.0)
    net-http (0.9.1)
      uri (>= 0.11.1)
    nio4r (2.7.5)
    nokogiri (1.19.1)
      mini_portile2 (~> 2.8.2)
      racc (~> 1.4)
    nokogiri (1.19.1-aarch64-linux-musl)
      racc (~> 1.4)
    nokogiri (1.19.1-arm-linux-gnu)
      racc (~> 1.4)
    nokogiri (1.19.1-arm-linux-musl)
      racc (~> 1.4)
    nokogiri (1.19.1-arm64-darwin)
      racc (~> 1.4)
    nokogiri (1.19.1-x86_64-linux-gnu)
      racc (~> 1.4)
    oj (3.16.15)
      bigdecimal (>= 3.0)
      ostruct (>= 0.2)
    ostruct (0.6.3)
    ox (2.14.23)
      bigdecimal (>= 3.0)
    pagy (9.4.0)
    pg (1.6.3)
    pg (1.6.3-aarch64-linux-musl)
    pg (1.6.3-arm64-darwin)
    pg (1.6.3-x86_64-linux)
    pghero (3.7.0)
      activerecord (>= 7.1)
    polyglot (0.3.5)
    popper_js (2.11.8)
    postgresql_cursor (0.6.9)
      activerecord (>= 6.0)
    pp (0.6.3)
      prettyprint
    prettyprint (0.2.0)
    prism (1.9.0)
    psych (5.3.1)
      date
      stringio
    public_suffix (7.0.2)
    puma (7.2.0)
      nio4r (~> 2.0)
    purl (1.7.1)
      addressable (~> 2.8)
    racc (1.8.1)
    rack (3.2.5)
    rack-cors (3.0.0)
      logger
      rack (>= 3.0.14)
    rack-session (2.1.1)
      base64 (>= 0.1.0)
      rack (>= 3.0.0)
    rack-test (2.2.0)
      rack (>= 1.3)
    rack-timeout (0.7.0)
    rackup (2.3.1)
      rack (>= 3)
    rails-controller-testing (1.0.5)
      actionpack (>= 5.0.1.rc1)
      actionview (>= 5.0.1.rc1)
      activesupport (>= 5.0.1.rc1)
    rails-dom-testing (2.3.0)
      activesupport (>= 5.0.0)
      minitest
      nokogiri (>= 1.6)
    rails-html-sanitizer (1.6.2)
      loofah (~> 2.21)
      nokogiri (>= 1.15.7, != 1.16.7, != 1.16.6, != 1.16.5, != 1.16.4, != 1.16.3, != 1.16.2, != 1.16.1, != 1.16.0.rc1, != 1.16.0)
    railties (8.1.2)
      actionpack (= 8.1.2)
      activesupport (= 8.1.2)
      irb (~> 1.13)
      rackup (>= 1.0.0)
      rake (>= 12.2)
      thor (~> 1.0, >= 1.2.2)
      tsort (>= 0.2)
      zeitwerk (~> 2.6)
    rake (13.3.1)
    rdoc (7.2.0)
      erb
      psych (>= 4.0.0)
      tsort
    redis (5.4.1)
      redis-client (>= 0.22.0)
    redis-client (0.26.4)
      connection_pool
    reline (0.6.3)
      io-console (~> 0.5)
    request_store (1.7.0)
      rack (>= 1.4)
    rexml (3.4.4)
    rswag-api (2.17.0)
      activesupport (>= 5.2, < 8.2)
      railties (>= 5.2, < 8.2)
    rswag-ui (2.17.0)
      actionpack (>= 5.2, < 8.2)
      railties (>= 5.2, < 8.2)
    ruby2_keywords (0.0.5)
    sanitize-url (0.1.4)
    sassc (2.4.0)
      ffi (~> 1.9)
    sassc-rails (2.1.2)
      railties (>= 4.0.0)
      sassc (>= 2.0)
      sprockets (> 3.0)
      sprockets-rails
      tilt
    secure_headers (7.1.0)
    securerandom (0.4.1)
    semantic (1.6.1)
    semantic_range (3.1.0)
    shoulda-context (3.0.0.rc1)
    shoulda-matchers (7.0.1)
      activesupport (>= 7.1)
    sidekiq (8.1.1)
      connection_pool (>= 3.0.0)
      json (>= 2.16.0)
      logger (>= 1.7.0)
      rack (>= 3.2.0)
      redis-client (>= 0.26.0)
    sidekiq-unique-jobs (8.0.13)
      concurrent-ruby (~> 1.0, >= 1.0.5)
      sidekiq (>= 7.0.0, < 9.0.0)
      thor (>= 1.0, < 3.0)
    simple-rss (2.1.0)
    sitemap_generator (6.3.0)
      builder (~> 3.0)
    spdx (2.0.12)
      fuzzy_match (~> 2.1)
      treetop (~> 1.6)
    sprockets (4.2.2)
      concurrent-ruby (~> 1.0)
      logger
      rack (>= 2.2.4, < 4)
    sprockets-rails (3.5.2)
      actionpack (>= 6.1)
      activesupport (>= 6.1)
      sprockets (>= 3.0.0)
    stringio (3.2.0)
    thor (1.5.0)
    tilt (2.7.0)
    timeout (0.6.0)
    toml-rb (4.1.0)
      citrus (~> 3.0, > 3.0)
      racc (~> 1.7)
    tomlrb (2.0.4)
    treetop (1.6.18)
      polyglot (~> 0.3)
    tsort (0.2.0)
    typhoeus (1.5.0)
      ethon (>= 0.9.0, < 0.16.0)
    tzinfo (2.0.6)
      concurrent-ruby (~> 1.0)
    uri (1.1.1)
    useragent (0.16.11)
    vers (1.0.3)
    web-console (4.2.1)
      actionview (>= 6.0.0)
      activemodel (>= 6.0.0)
      bindex (>= 0.4.0)
      railties (>= 6.0.0)
    webmock (3.26.1)
      addressable (>= 2.8.0)
      crack (>= 0.3.2)
      hashdiff (>= 0.4.0, < 2.0.0)
    zeitwerk (2.7.5)

PLATFORMS
  aarch64-linux-musl
  arm-linux-gnu
  arm-linux-musl
  arm64-darwin
  ruby
  x86_64-linux

DEPENDENCIES
  actionpack (~> 8.1.1)
  actionview (~> 8.1.1)
  activemodel (~> 8.1.1)
  activerecord (~> 8.1.1)
  activesupport (~> 8.1.1)
  addressable
  appsignal
  bootsnap
  bootstrap
  bootstrap-icons
  brotli
  cgi
  chartkick
  counter_culture
  csv
  dalli
  dotenv-rails (~> 3.2)
  ecosystems-bibliothecary!
  faraday
  faraday-follow_redirects
  faraday-retry
  faraday-typhoeus
  groupdate
  jbuilder
  jquery-rails
  lograge
  matrix
  mocha
  nokogiri
  oj
  ostruct
  ox
  pagy (~> 9.4.0)
  pg
  pghero
  postgresql_cursor
  puma
  purl
  rack-cors
  rack-timeout
  rails-controller-testing
  railties (~> 8.1.1)
  redis
  rswag-api
  rswag-ui
  sanitize-url
  sassc-rails
  secure_headers
  semantic
  semantic_range
  shoulda-context (~> 3.0.0.rc1)
  shoulda-matchers
  sidekiq
  sidekiq-unique-jobs
  simple-rss
  sitemap_generator
  spdx (= 2.0.12)
  sprockets-rails
  toml-rb
  vers (~> 1.0)
  web-console
  webmock

CHECKSUMS
  actionpack (8.1.2) sha256=ced74147a1f0daafaa4bab7f677513fd4d3add574c7839958f7b4f1de44f8423
  actionview (8.1.2) sha256=80455b2588911c9b72cec22d240edacb7c150e800ef2234821269b2b2c3e2e5b
  activemodel (8.1.2) sha256=e21358c11ce68aed3f9838b7e464977bc007b4446c6e4059781e1d5c03bcf33e
  activerecord (8.1.2) sha256=acfbe0cadfcc50fa208011fe6f4eb01cae682ebae0ef57145ba45380c74bcc44
  activesupport (8.1.2) sha256=88842578ccd0d40f658289b0e8c842acfe9af751afee2e0744a7873f50b6fdae
  addressable (2.8.8) sha256=7c13b8f9536cf6364c03b9d417c19986019e28f7c00ac8132da4eb0fe393b057
  appsignal (4.8.3) sha256=aa0ea5ffd39fe7530c56a6eb6efda60825ab061ef31376126cae93b009844dd7
  base64 (0.3.0) sha256=27337aeabad6ffae05c265c450490628ef3ebd4b67be58257393227588f5a97b
  bigdecimal (4.0.1) sha256=8b07d3d065a9f921c80ceaea7c9d4ae596697295b584c296fe599dd0ad01c4a7
  bindex (0.8.1) sha256=7b1ecc9dc539ed8bccfc8cb4d2732046227b09d6f37582ff12e50a5047ceb17e
  bootsnap (1.23.0) sha256=c1254f458d58558b58be0f8eb8f6eec2821456785b7cdd1e16248e2020d3f214
  bootstrap (5.3.8) sha256=1c23b06df24ec28a0058ad90a0da93e260d2c0a5c453d7087f6bad428464742f
  bootstrap-icons (1.0.15) sha256=4a19c2360f88263c1606235813b8575ff3d6c0773174ed4ceb368628e5541ae9
  brotli (0.7.0) sha256=e9e4fa5036e59e344798be8e35f44301ed8d10dc94d68195b6587e9c78b63a41
  builder (3.3.0) sha256=497918d2f9dca528fdca4b88d84e4ef4387256d984b8154e9d5d3fe5a9c8835f
  cgi (0.5.1) sha256=e93fcafc69b8a934fe1e6146121fa35430efa8b4a4047c4893764067036f18e9
  chartkick (5.2.1) sha256=2848d7de87189f30f28d077eb0bbdebc8a1f0f6f81de1ded95008fe564369949
  citrus (3.0.2) sha256=4ec2412fc389ad186735f4baee1460f7900a8e130ffe3f216b30d4f9c684f650
  concurrent-ruby (1.3.6) sha256=6b56837e1e7e5292f9864f34b69c5a2cbc75c0cf5338f1ce9903d10fa762d5ab
  connection_pool (3.0.2) sha256=33fff5ba71a12d2aa26cb72b1db8bba2a1a01823559fb01d29eb74c286e62e0a
  counter_culture (3.12.1) sha256=8a880092321941732bfa639c449a133ff08c5197c29e853371cc03c486e43980
  crack (1.0.1) sha256=ff4a10390cd31d66440b7524eb1841874db86201d5b70032028553130b6d4c7e
  crass (1.0.6) sha256=dc516022a56e7b3b156099abc81b6d2b08ea1ed12676ac7a5657617f012bd45d
  csv (3.3.5) sha256=6e5134ac3383ef728b7f02725d9872934f523cb40b961479f69cf3afa6c8e73f
  dalli (5.0.0) sha256=7d5ae821da3ef98cad68e77f09ae0e563244dc0f3995f5c8999c5a379fa3d468
  date (3.5.1) sha256=750d06384d7b9c15d562c76291407d89e368dda4d4fff957eb94962d325a0dc0
  dotenv (3.2.0) sha256=e375b83121ea7ca4ce20f214740076129ab8514cd81378161f11c03853fe619d
  dotenv-rails (3.2.0) sha256=657e25554ba622ffc95d8c4f1670286510f47f2edda9f68293c3f661b303beab
  drb (2.2.3) sha256=0b00d6fdb50995fe4a45dea13663493c841112e4068656854646f418fda13373
  ecosystems-bibliothecary (15.4.0)
  erb (6.0.1) sha256=28ecdd99c5472aebd5674d6061e3c6b0a45c049578b071e5a52c2a7f13c197e5
  erubi (1.13.1) sha256=a082103b0885dbc5ecf1172fede897f9ebdb745a4b97a5e8dc63953db1ee4ad9
  ethon (0.15.0) sha256=0809805a035bc10f54162ca99f15ded49e428e0488bcfe1c08c821e18261a74d
  faraday (2.14.1) sha256=a43cceedc1e39d188f4d2cdd360a8aaa6a11da0c407052e426ba8d3fb42ef61c
  faraday-follow_redirects (0.5.0) sha256=5cde93c894b30943a5d2b93c2fe9284216a6b756f7af406a1e55f211d97d10ad
  faraday-net_http (3.4.2) sha256=f147758260d3526939bf57ecf911682f94926a3666502e24c69992765875906c
  faraday-retry (2.4.0) sha256=7b79c48fb7e56526faf247b12d94a680071ff40c9fda7cf1ec1549439ad11ebe
  faraday-typhoeus (1.1.0) sha256=24c6147c213818dde3ebc50ae47ab92f9a7e554903aa362707126f749c6890e7
  ffi (1.17.3) sha256=0e9f39f7bb3934f77ad6feab49662be77e87eedcdeb2a3f5c0234c2938563d4c
  ffi (1.17.3-aarch64-linux-musl) sha256=020b33b76775b1abacc3b7d86b287cef3251f66d747092deec592c7f5df764b2
  ffi (1.17.3-arm-linux-gnu) sha256=5bd4cea83b68b5ec0037f99c57d5ce2dd5aa438f35decc5ef68a7d085c785668
  ffi (1.17.3-arm-linux-musl) sha256=0d7626bb96265f9af78afa33e267d71cfef9d9a8eb8f5525344f8da6c7d76053
  ffi (1.17.3-arm64-darwin) sha256=0c690555d4cee17a7f07c04d59df39b2fba74ec440b19da1f685c6579bb0717f
  ffi (1.17.3-x86_64-linux-gnu) sha256=3746b01f677aae7b16dc1acb7cb3cc17b3e35bdae7676a3f568153fb0e2c887f
  fuzzy_match (2.1.0) sha256=e97e25d0eaee48a5f77ed970d007c7b6ff3c6a6858303fead2d1986859204dfc
  groupdate (6.7.0) sha256=beaa8d5bf3856814681914a1d4a20e77436a2214b85d0017dc2ea5c355fb6777
  hashdiff (1.2.1) sha256=9c079dbc513dfc8833ab59c0c2d8f230fa28499cc5efb4b8dd276cf931457cd1
  i18n (1.14.8) sha256=285778639134865c5e0f6269e0b818256017e8cde89993fdfcbfb64d088824a5
  io-console (0.8.2) sha256=d6e3ae7a7cc7574f4b8893b4fca2162e57a825b223a177b7afa236c5ef9814cc
  irb (1.17.0) sha256=168c4ddb93d8a361a045c41d92b2952c7a118fa73f23fe14e55609eb7a863aae
  jbuilder (2.14.1) sha256=4eb26376ff60ef100cb4fd6fd7533cd271f9998327e86adf20fd8c0e69fabb42
  jquery-rails (4.6.1) sha256=619f3496cdcdeaae1fd6dafa52dbac3fc45b745d4e09712da4184a16b3a8d9c0
  json (2.18.1) sha256=fe112755501b8d0466b5ada6cf50c8c3f41e897fa128ac5d263ec09eedc9f986
  logger (1.7.0) sha256=196edec7cc44b66cfb40f9755ce11b392f21f7967696af15d274dde7edff0203
  lograge (0.14.0) sha256=42371a75823775f166f727639f5ddce73dd149452a55fc94b90c303213dc9ae1
  loofah (2.25.0) sha256=df5ed7ac3bac6a4ec802df3877ee5cc86d027299f8952e6243b3dac446b060e6
  matrix (0.4.3) sha256=a0d5ab7ddcc1973ff690ab361b67f359acbb16958d1dc072b8b956a286564c5b
  mini_portile2 (2.8.9) sha256=0cd7c7f824e010c072e33f68bc02d85a00aeb6fce05bb4819c03dfd3c140c289
  minitest (6.0.1) sha256=7854c74f48e2e975969062833adc4013f249a4b212f5e7b9d5c040bf838d54bb
  mocha (3.0.2) sha256=3d8029531d8b71bff5ae07040758f77fdf578174189ffda1bef7749a59e92df8
  msgpack (1.8.0) sha256=e64ce0212000d016809f5048b48eb3a65ffb169db22238fb4b72472fecb2d732
  net-http (0.9.1) sha256=25ba0b67c63e89df626ed8fac771d0ad24ad151a858af2cc8e6a716ca4336996
  nio4r (2.7.5) sha256=6c90168e48fb5f8e768419c93abb94ba2b892a1d0602cb06eef16d8b7df1dca1
  nokogiri (1.19.1) sha256=598b327f36df0b172abd57b68b18979a6e14219353bca87180c31a51a00d5ad3
  nokogiri (1.19.1-aarch64-linux-musl) sha256=1e2150ab43c3b373aba76cd1190af7b9e92103564063e48c474f7600923620b5
  nokogiri (1.19.1-arm-linux-gnu) sha256=0a39ed59abe3bf279fab9dd4c6db6fe8af01af0608f6e1f08b8ffa4e5d407fa3
  nokogiri (1.19.1-arm-linux-musl) sha256=3a18e559ee499b064aac6562d98daab3d39ba6cbb4074a1542781b2f556db47d
  nokogiri (1.19.1-arm64-darwin) sha256=dfe2d337e6700eac47290407c289d56bcf85805d128c1b5a6434ddb79731cb9e
  nokogiri (1.19.1-x86_64-linux-gnu) sha256=1a4902842a186b4f901078e692d12257678e6133858d0566152fe29cdb98456a
  oj (3.16.15) sha256=4d3324cac3e8fef54c0fa250b2af26a16dadd9f9788a1d6b1b2098b793a1b2cd
  ostruct (0.6.3) sha256=95a2ed4a4bd1d190784e666b47b2d3f078e4a9efda2fccf18f84ddc6538ed912
  ox (2.14.23) sha256=4a9aedb4d6c78c5ebac1d7287dc7cc6808e14a8831d7adb727438f6a1b461b66
  pagy (9.4.0) sha256=db3f2e043f684155f18f78be62a81e8d033e39b9f97b1e1a8d12ad38d7bce738
  pg (1.6.3) sha256=1388d0563e13d2758c1089e35e973a3249e955c659592d10e5b77c468f628a99
  pg (1.6.3-aarch64-linux-musl) sha256=06a75f4ea04b05140146f2a10550b8e0d9f006a79cdaf8b5b130cde40e3ecc2c
  pg (1.6.3-arm64-darwin) sha256=7240330b572e6355d7c75a7de535edb5dfcbd6295d9c7777df4d9dddfb8c0e5f
  pg (1.6.3-x86_64-linux) sha256=5d9e188c8f7a0295d162b7b88a768d8452a899977d44f3274d1946d67920ae8d
  pghero (3.7.0) sha256=a8d8497095dbe168bb03fe50a11309ab068cd1c1ef4c88d9bbeb97be4809f522
  polyglot (0.3.5) sha256=59d66ef5e3c166431c39cb8b7c1d02af419051352f27912f6a43981b3def16af
  popper_js (2.11.8) sha256=f4b0be717fc0d50bdb3dbbc55788525a9e0e8f640b76c9971fc34ee609eadbd2
  postgresql_cursor (0.6.9) sha256=359e68a7bd67742b67ea0ff9388b4607c063158bc44258dd5be8602c3b480ea5
  pp (0.6.3) sha256=2951d514450b93ccfeb1df7d021cae0da16e0a7f95ee1e2273719669d0ab9df6
  prettyprint (0.2.0) sha256=2bc9e15581a94742064a3cc8b0fb9d45aae3d03a1baa6ef80922627a0766f193
  prism (1.9.0) sha256=7b530c6a9f92c24300014919c9dcbc055bf4cdf51ec30aed099b06cd6674ef85
  psych (5.3.1) sha256=eb7a57cef10c9d70173ff74e739d843ac3b2c019a003de48447b2963d81b1974
  public_suffix (7.0.2) sha256=9114090c8e4e7135c1fd0e7acfea33afaab38101884320c65aaa0ffb8e26a857
  puma (7.2.0) sha256=bf8ef4ab514a4e6d4554cb4326b2004eba5036ae05cf765cfe51aba9706a72a8
  purl (1.7.1) sha256=459aecf3e0e2199bdfafa2885731b39af7c081dcd1d63d7ec036aab732e56ed3
  racc (1.8.1) sha256=4a7f6929691dbec8b5209a0b373bc2614882b55fc5d2e447a21aaa691303d62f
  rack (3.2.5) sha256=4cbd0974c0b79f7a139b4812004a62e4c60b145cba76422e288ee670601ed6d3
  rack-cors (3.0.0) sha256=7b95be61db39606906b61b83bd7203fa802b0ceaaad8fcb2fef39e097bf53f68
  rack-session (2.1.1) sha256=0b6dc07dea7e4b583f58a48e8b806d4c9f1c6c9214ebc202ec94562cbea2e4e9
  rack-test (2.2.0) sha256=005a36692c306ac0b4a9350355ee080fd09ddef1148a5f8b2ac636c720f5c463
  rack-timeout (0.7.0) sha256=757337e9793cca999bb73a61fe2a7d4280aa9eefbaf787ce3b98d860749c87d9
  rackup (2.3.1) sha256=6c79c26753778e90983761d677a48937ee3192b3ffef6bc963c0950f94688868
  rails-controller-testing (1.0.5) sha256=741448db59366073e86fc965ba403f881c636b79a2c39a48d0486f2607182e94
  rails-dom-testing (2.3.0) sha256=8acc7953a7b911ca44588bf08737bc16719f431a1cc3091a292bca7317925c1d
  rails-html-sanitizer (1.6.2) sha256=35fce2ca8242da8775c83b6ba9c1bcaad6751d9eb73c1abaa8403475ab89a560
  railties (8.1.2) sha256=1289ece76b4f7668fc46d07e55cc992b5b8751f2ad85548b7da351b8c59f8055
  rake (13.3.1) sha256=8c9e89d09f66a26a01264e7e3480ec0607f0c497a861ef16063604b1b08eb19c
  rdoc (7.2.0) sha256=8650f76cd4009c3b54955eb5d7e3a075c60a57276766ebf36f9085e8c9f23192
  redis (5.4.1) sha256=b5e675b57ad22b15c9bcc765d5ac26f60b675408af916d31527af9bd5a81faae
  redis-client (0.26.4) sha256=3ad70beff5da2653e02dfeae996e7d8d7147a558da12b16b2282ad345e4c7120
  reline (0.6.3) sha256=1198b04973565b36ec0f11542ab3f5cfeeec34823f4e54cebde90968092b1835
  request_store (1.7.0) sha256=e1b75d5346a315f452242a68c937ef8e48b215b9453a77a6c0acdca2934c88cb
  rexml (3.4.4) sha256=19e0a2c3425dfbf2d4fc1189747bdb2f849b6c5e74180401b15734bc97b5d142
  rswag-api (2.17.0) sha256=728b336b65168ab8ab6024b0e5d267b485c22ccdeb9dfbfb6ec3bac423545a13
  rswag-ui (2.17.0) sha256=5f707b9b5e8171ddf9f519f6e401e79e419bd1d07387508603e76124f2443212
  ruby2_keywords (0.0.5) sha256=ffd13740c573b7301cf7a2e61fc857b2a8e3d3aff32545d6f8300d8bae10e3ef
  sanitize-url (0.1.4) sha256=2fbc735dfbc2ca8f6f111ac045e848b974a0de6767dde8e1202406be6a3eaf8a
  sassc (2.4.0) sha256=4c60a2b0a3b36685c83b80d5789401c2f678c1652e3288315a1551d811d9f83e
  sassc-rails (2.1.2) sha256=5f4fdf3881fc9bdc8e856ffbd9850d70a2878866feae8114aa45996179952db5
  secure_headers (7.1.0) sha256=6b1f9d5f9507af2948f4636452c41c09371927836396c2185438ffdf0a731124
  securerandom (0.4.1) sha256=cc5193d414a4341b6e225f0cb4446aceca8e50d5e1888743fac16987638ea0b1
  semantic (1.6.1) sha256=3cdbb48f59198ebb782a3fdfb87b559e0822a311610db153bae22777a7d0c163
  semantic_range (3.1.0) sha256=9fc01ee40f2e5f81042e95d421837f688177dd603753b5eab41ff9bba50a34a1
  shoulda-context (3.0.0.rc1) sha256=6e0d9d52ab798c13bc2b490c8537d4bf30cfd318a1ea839c39a66d1d293c6a1a
  shoulda-matchers (7.0.1) sha256=b4bfd8744c10e0a36c8ac1a687f921ee7e25ed529e50488d61b79a8688749c77
  sidekiq (8.1.1) sha256=afdf2736883e1e80c1c9b7c47afe0387e1a4997c87170978a45560d35d429151
  sidekiq-unique-jobs (8.0.13) sha256=b7ded4264a54b6eb4154f34aab513ddcdcbf4bf0994740fb96a3e10a95e4ae9b
  simple-rss (2.1.0) sha256=38d5ee19a98df1cf0f152545de1dbc40f0a581b9fa2842da569a3ef0f2348640
  sitemap_generator (6.3.0) sha256=1d803cbf03c44736bea05b9e3363d3523fec4e24f3abedad294d9c57cab994f3
  spdx (2.0.12) sha256=c44ad4b9fbfa8138bfc1e8065fc7cf531207b63dccd2b63b0b61df7c5bdf80a6
  sprockets (4.2.2) sha256=761e5a49f1c288704763f73139763564c845a8f856d52fba013458f8af1b59b1
  sprockets-rails (3.5.2) sha256=a9e88e6ce9f8c912d349aa5401509165ec42326baf9e942a85de4b76dbc4119e
  stringio (3.2.0) sha256=c37cb2e58b4ffbd33fe5cd948c05934af997b36e0b6ca6fdf43afa234cf222e1
  thor (1.5.0) sha256=e3a9e55fe857e44859ce104a84675ab6e8cd59c650a49106a05f55f136425e73
  tilt (2.7.0) sha256=0d5b9ba69f6a36490c64b0eee9f6e9aad517e20dcc848800a06eb116f08c6ab3
  timeout (0.6.0) sha256=6d722ad619f96ee383a0c557ec6eb8c4ecb08af3af62098a0be5057bf00de1af
  toml-rb (4.1.0) sha256=14456ec4549e4703881bf04b83a56f3264ef99884880092d83c98a2058d95846
  tomlrb (2.0.4) sha256=262f77947ac3ac9b3366a0a5940ecd238300c553e2e14f22009e2afcd2181b99
  treetop (1.6.18) sha256=a3043f32f1c652aa2abdf3a3848edb2d2f69897257af2675516ac61355c183da
  tsort (0.2.0) sha256=9650a793f6859a43b6641671278f79cfead60ac714148aabe4e3f0060480089f
  typhoeus (1.5.0) sha256=120b67ed1ef515e6c0e938176db880f15b0916f038e78ce2a66290f3f1de3e3b
  tzinfo (2.0.6) sha256=8daf828cc77bcf7d63b0e3bdb6caa47e2272dcfaf4fbfe46f8c3a9df087a829b
  uri (1.1.1) sha256=379fa58d27ffb1387eaada68c749d1426738bd0f654d812fcc07e7568f5c57c6
  useragent (0.16.11) sha256=700e6413ad4bb954bb63547fa098dddf7b0ebe75b40cc6f93b8d54255b173844
  vers (1.0.3) sha256=d1ef5b0f146a23515ab94b0a6d7ad7338494f90af358857da83a7d8a9921bc89
  web-console (4.2.1) sha256=e7bcf37a10ea2b4ec4281649d1cee461b32232d0a447e82c786e6841fd22fe20
  webmock (3.26.1) sha256=4f696fb57c90a827c20aadb2d4f9058bbff10f7f043bd0d4c3f58791143b1cd7
  zeitwerk (2.7.5) sha256=d8da92128c09ea6ec62c949011b00ed4a20242b255293dd66bf41545398f73dd

RUBY VERSION
  ruby 4.0.1

BUNDLED WITH
  4.0.6
